// !$*UTF8*$!
{
	archiveVersion = 1;
	classes = {
	};
	objectVersion = 56;
	objects = {

/* Begin PBXBuildFile section */
		2146068E2D6461F700A9FD6B /* DefibrillationSection.swift in Sources */ = {isa = PBXBuildFile; fileRef = 2146068D2D6461F400A9FD6B /* DefibrillationSection.swift */; };
		214606922D64949C00A9FD6B /* PopupMenuButton.swift in Sources */ = {isa = PBXBuildFile; fileRef = 214606912D64949A00A9FD6B /* PopupMenuButton.swift */; };
		216C40432D5134CC001E5A2D /* CPRInstructionSystem.swift in Sources */ = {isa = PBXBuildFile; fileRef = 216C40422D5134C8001E5A2D /* CPRInstructionSystem.swift */; };
		216C40452D513D14001E5A2D /* ElapsedTimeManager.swift in Sources */ = {isa = PBXBuildFile; fileRef = 216C40442D513D04001E5A2D /* ElapsedTimeManager.swift */; };
		216C40472D513EEC001E5A2D /* ResuscitationEvent.swift in Sources */ = {isa = PBXBuildFile; fileRef = 216C40462D513EE9001E5A2D /* ResuscitationEvent.swift */; };
		216C40492D514623001E5A2D /* FlashingButton.swift in Sources */ = {isa = PBXBuildFile; fileRef = 216C40482D514622001E5A2D /* FlashingButton.swift */; };
		91AE390C2C7D903E008E5409 /* level-up-191997.mp3 in Resources */ = {isa = PBXBuildFile; fileRef = 91AE390B2C7D903E008E5409 /* level-up-191997.mp3 */; };
		91C33EE22C786C190092BCE3 /* ResuscitationSummaryView.swift in Sources */ = {isa = PBXBuildFile; fileRef = 91C33EE12C786C190092BCE3 /* ResuscitationSummaryView.swift */; };
		91C33EE42C786C390092BCE3 /* ResuscitationGuidelineSystem.swift in Sources */ = {isa = PBXBuildFile; fileRef = 91C33EE32C786C390092BCE3 /* ResuscitationGuidelineSystem.swift */; };
		91C80FBF2C636B8800E87A87 /* ResAppApp.swift in Sources */ = {isa = PBXBuildFile; fileRef = 91C80FBE2C636B8800E87A87 /* ResAppApp.swift */; };
		91C80FC12C636B8800E87A87 /* ContentView.swift in Sources */ = {isa = PBXBuildFile; fileRef = 91C80FC02C636B8800E87A87 /* ContentView.swift */; };
		91C80FC32C636B8C00E87A87 /* Assets.xcassets in Resources */ = {isa = PBXBuildFile; fileRef = 91C80FC22C636B8C00E87A87 /* Assets.xcassets */; };
		91C80FC62C636B8C00E87A87 /* Preview Assets.xcassets in Resources */ = {isa = PBXBuildFile; fileRef = 91C80FC52C636B8C00E87A87 /* Preview Assets.xcassets */; };
		91C80FD02C636B8C00E87A87 /* ResAppTests.swift in Sources */ = {isa = PBXBuildFile; fileRef = 91C80FCF2C636B8C00E87A87 /* ResAppTests.swift */; };
		91C80FDA2C636B8C00E87A87 /* ResAppUITests.swift in Sources */ = {isa = PBXBuildFile; fileRef = 91C80FD92C636B8C00E87A87 /* ResAppUITests.swift */; };
		91C80FDC2C636B8C00E87A87 /* ResAppUITestsLaunchTests.swift in Sources */ = {isa = PBXBuildFile; fileRef = 91C80FDB2C636B8C00E87A87 /* ResAppUITestsLaunchTests.swift */; };
		91C80FE92C636BC600E87A87 /* ResuscitationManager.swift in Sources */ = {isa = PBXBuildFile; fileRef = 91C80FE82C636BC600E87A87 /* ResuscitationManager.swift */; };
		91C80FEB2C636BDB00E87A87 /* FunctionalButtonView.swift in Sources */ = {isa = PBXBuildFile; fileRef = 91C80FEA2C636BDB00E87A87 /* FunctionalButtonView.swift */; };
		91DB0F162C7F2CFB005E85DE /* buzzer.wav in Resources */ = {isa = PBXBuildFile; fileRef = 91DB0F152C7F2CFB005E85DE /* buzzer.wav */; };
/* End PBXBuildFile section */

/* Begin PBXContainerItemProxy section */
		91C80FCC2C636B8C00E87A87 /* PBXContainerItemProxy */ = {
			isa = PBXContainerItemProxy;
			containerPortal = 91C80FB32C636B8800E87A87 /* Project object */;
			proxyType = 1;
			remoteGlobalIDString = 91C80FBA2C636B8800E87A87;
			remoteInfo = ResApp;
		};
		91C80FD62C636B8C00E87A87 /* PBXContainerItemProxy */ = {
			isa = PBXContainerItemProxy;
			containerPortal = 91C80FB32C636B8800E87A87 /* Project object */;
			proxyType = 1;
			remoteGlobalIDString = 91C80FBA2C636B8800E87A87;
			remoteInfo = ResApp;
		};
/* End PBXContainerItemProxy section */

/* Begin PBXFileReference section */
		2146068D2D6461F400A9FD6B /* DefibrillationSection.swift */ = {isa = PBXFileReference; lastKnownFileType = sourcecode.swift; path = DefibrillationSection.swift; sourceTree = "<group>"; };
		214606912D64949A00A9FD6B /* PopupMenuButton.swift */ = {isa = PBXFileReference; lastKnownFileType = sourcecode.swift; path = PopupMenuButton.swift; sourceTree = "<group>"; };
		216C40422D5134C8001E5A2D /* CPRInstructionSystem.swift */ = {isa = PBXFileReference; lastKnownFileType = sourcecode.swift; path = CPRInstructionSystem.swift; sourceTree = "<group>"; };
		216C40442D513D04001E5A2D /* ElapsedTimeManager.swift */ = {isa = PBXFileReference; lastKnownFileType = sourcecode.swift; path = ElapsedTimeManager.swift; sourceTree = "<group>"; };
		216C40462D513EE9001E5A2D /* ResuscitationEvent.swift */ = {isa = PBXFileReference; lastKnownFileType = sourcecode.swift; path = ResuscitationEvent.swift; sourceTree = "<group>"; };
		216C40482D514622001E5A2D /* FlashingButton.swift */ = {isa = PBXFileReference; lastKnownFileType = sourcecode.swift; path = FlashingButton.swift; sourceTree = "<group>"; };
		91AE390B2C7D903E008E5409 /* level-up-191997.mp3 */ = {isa = PBXFileReference; lastKnownFileType = audio.mp3; path = "level-up-191997.mp3"; sourceTree = "<group>"; };
		91C33EE12C786C190092BCE3 /* ResuscitationSummaryView.swift */ = {isa = PBXFileReference; lastKnownFileType = sourcecode.swift; path = ResuscitationSummaryView.swift; sourceTree = "<group>"; };
		91C33EE32C786C390092BCE3 /* ResuscitationGuidelineSystem.swift */ = {isa = PBXFileReference; lastKnownFileType = sourcecode.swift; path = ResuscitationGuidelineSystem.swift; sourceTree = "<group>"; };
		91C80FBB2C636B8800E87A87 /* ResApp.app */ = {isa = PBXFileReference; explicitFileType = wrapper.application; includeInIndex = 0; path = ResApp.app; sourceTree = BUILT_PRODUCTS_DIR; };
		91C80FBE2C636B8800E87A87 /* ResAppApp.swift */ = {isa = PBXFileReference; lastKnownFileType = sourcecode.swift; path = ResAppApp.swift; sourceTree = "<group>"; };
		91C80FC02C636B8800E87A87 /* ContentView.swift */ = {isa = PBXFileReference; lastKnownFileType = sourcecode.swift; path = ContentView.swift; sourceTree = "<group>"; };
		91C80FC22C636B8C00E87A87 /* Assets.xcassets */ = {isa = PBXFileReference; lastKnownFileType = folder.assetcatalog; path = Assets.xcassets; sourceTree = "<group>"; };
		91C80FC52C636B8C00E87A87 /* Preview Assets.xcassets */ = {isa = PBXFileReference; lastKnownFileType = folder.assetcatalog; path = "Preview Assets.xcassets"; sourceTree = "<group>"; };
		91C80FCB2C636B8C00E87A87 /* ResAppTests.xctest */ = {isa = PBXFileReference; explicitFileType = wrapper.cfbundle; includeInIndex = 0; path = ResAppTests.xctest; sourceTree = BUILT_PRODUCTS_DIR; };
		91C80FCF2C636B8C00E87A87 /* ResAppTests.swift */ = {isa = PBXFileReference; lastKnownFileType = sourcecode.swift; path = ResAppTests.swift; sourceTree = "<group>"; };
		91C80FD52C636B8C00E87A87 /* ResAppUITests.xctest */ = {isa = PBXFileReference; explicitFileType = wrapper.cfbundle; includeInIndex = 0; path = ResAppUITests.xctest; sourceTree = BUILT_PRODUCTS_DIR; };
		91C80FD92C636B8C00E87A87 /* ResAppUITests.swift */ = {isa = PBXFileReference; lastKnownFileType = sourcecode.swift; path = ResAppUITests.swift; sourceTree = "<group>"; };
		91C80FDB2C636B8C00E87A87 /* ResAppUITestsLaunchTests.swift */ = {isa = PBXFileReference; lastKnownFileType = sourcecode.swift; path = ResAppUITestsLaunchTests.swift; sourceTree = "<group>"; };
		91C80FE82C636BC600E87A87 /* ResuscitationManager.swift */ = {isa = PBXFileReference; lastKnownFileType = sourcecode.swift; path = ResuscitationManager.swift; sourceTree = "<group>"; };
		91C80FEA2C636BDB00E87A87 /* FunctionalButtonView.swift */ = {isa = PBXFileReference; lastKnownFileType = sourcecode.swift; path = FunctionalButtonView.swift; sourceTree = "<group>"; };
		91DB0F152C7F2CFB005E85DE /* buzzer.wav */ = {isa = PBXFileReference; lastKnownFileType = audio.wav; path = buzzer.wav; sourceTree = "<group>"; };
/* End PBXFileReference section */

/* Begin PBXFrameworksBuildPhase section */
		91C80FB82C636B8800E87A87 /* Frameworks */ = {
			isa = PBXFrameworksBuildPhase;
			buildActionMask = 2147483647;
			files = (
			);
			runOnlyForDeploymentPostprocessing = 0;
		};
		91C80FC82C636B8C00E87A87 /* Frameworks */ = {
			isa = PBXFrameworksBuildPhase;
			buildActionMask = 2147483647;
			files = (
			);
			runOnlyForDeploymentPostprocessing = 0;
		};
		91C80FD22C636B8C00E87A87 /* Frameworks */ = {
			isa = PBXFrameworksBuildPhase;
			buildActionMask = 2147483647;
			files = (
			);
			runOnlyForDeploymentPostprocessing = 0;
		};
/* End PBXFrameworksBuildPhase section */

/* Begin PBXGroup section */
		91C80FB22C636B8800E87A87 = {
			isa = PBXGroup;
			children = (
				91C80FBD2C636B8800E87A87 /* ResApp */,
				91C80FCE2C636B8C00E87A87 /* ResAppTests */,
				91C80FD82C636B8C00E87A87 /* ResAppUITests */,
				91C80FBC2C636B8800E87A87 /* Products */,
			);
			sourceTree = "<group>";
		};
		91C80FBC2C636B8800E87A87 /* Products */ = {
			isa = PBXGroup;
			children = (
				91C80FBB2C636B8800E87A87 /* ResApp.app */,
				91C80FCB2C636B8C00E87A87 /* ResAppTests.xctest */,
				91C80FD52C636B8C00E87A87 /* ResAppUITests.xctest */,
			);
			name = Products;
			sourceTree = "<group>";
		};
		91C80FBD2C636B8800E87A87 /* ResApp */ = {
			isa = PBXGroup;
			children = (
				214606912D64949A00A9FD6B /* PopupMenuButton.swift */,
				2146068D2D6461F400A9FD6B /* DefibrillationSection.swift */,
				216C40482D514622001E5A2D /* FlashingButton.swift */,
				216C40462D513EE9001E5A2D /* ResuscitationEvent.swift */,
				216C40442D513D04001E5A2D /* ElapsedTimeManager.swift */,
				216C40422D5134C8001E5A2D /* CPRInstructionSystem.swift */,
				91DB0F152C7F2CFB005E85DE /* buzzer.wav */,
				91AE390B2C7D903E008E5409 /* level-up-191997.mp3 */,
				91C80FBE2C636B8800E87A87 /* ResAppApp.swift */,
				91C80FC02C636B8800E87A87 /* ContentView.swift */,
				91C80FC22C636B8C00E87A87 /* Assets.xcassets */,
				91C80FC42C636B8C00E87A87 /* Preview Content */,
				91C80FE82C636BC600E87A87 /* ResuscitationManager.swift */,
				91C80FEA2C636BDB00E87A87 /* FunctionalButtonView.swift */,
				91C33EE12C786C190092BCE3 /* ResuscitationSummaryView.swift */,
				91C33EE32C786C390092BCE3 /* ResuscitationGuidelineSystem.swift */,
			);
			path = ResApp;
			sourceTree = "<group>";
		};
		91C80FC42C636B8C00E87A87 /* Preview Content */ = {
			isa = PBXGroup;
			children = (
				91C80FC52C636B8C00E87A87 /* Preview Assets.xcassets */,
			);
			path = "Preview Content";
			sourceTree = "<group>";
		};
		91C80FCE2C636B8C00E87A87 /* ResAppTests */ = {
			isa = PBXGroup;
			children = (
				91C80FCF2C636B8C00E87A87 /* ResAppTests.swift */,
			);
			path = ResAppTests;
			sourceTree = "<group>";
		};
		91C80FD82C636B8C00E87A87 /* ResAppUITests */ = {
			isa = PBXGroup;
			children = (
				91C80FD92C636B8C00E87A87 /* ResAppUITests.swift */,
				91C80FDB2C636B8C00E87A87 /* ResAppUITestsLaunchTests.swift */,
			);
			path = ResAppUITests;
			sourceTree = "<group>";
		};
/* End PBXGroup section */

/* Begin PBXNativeTarget section */
		91C80FBA2C636B8800E87A87 /* ResApp */ = {
			isa = PBXNativeTarget;
			buildConfigurationList = 91C80FDF2C636B8C00E87A87 /* Build configuration list for PBXNativeTarget "ResApp" */;
			buildPhases = (
				91C80FB72C636B8800E87A87 /* Sources */,
				91C80FB82C636B8800E87A87 /* Frameworks */,
				91C80FB92C636B8800E87A87 /* Resources */,
			);
			buildRules = (
			);
			dependencies = (
			);
			name = ResApp;
			productName = ResApp;
			productReference = 91C80FBB2C636B8800E87A87 /* ResApp.app */;
			productType = "com.apple.product-type.application";
		};
		91C80FCA2C636B8C00E87A87 /* ResAppTests */ = {
			isa = PBXNativeTarget;
			buildConfigurationList = 91C80FE22C636B8C00E87A87 /* Build configuration list for PBXNativeTarget "ResAppTests" */;
			buildPhases = (
				91C80FC72C636B8C00E87A87 /* Sources */,
				91C80FC82C636B8C00E87A87 /* Frameworks */,
				91C80FC92C636B8C00E87A87 /* Resources */,
			);
			buildRules = (
			);
			dependencies = (
				91C80FCD2C636B8C00E87A87 /* PBXTargetDependency */,
			);
			name = ResAppTests;
			productName = ResAppTests;
			productReference = 91C80FCB2C636B8C00E87A87 /* ResAppTests.xctest */;
			productType = "com.apple.product-type.bundle.unit-test";
		};
		91C80FD42C636B8C00E87A87 /* ResAppUITests */ = {
			isa = PBXNativeTarget;
			buildConfigurationList = 91C80FE52C636B8C00E87A87 /* Build configuration list for PBXNativeTarget "ResAppUITests" */;
			buildPhases = (
				91C80FD12C636B8C00E87A87 /* Sources */,
				91C80FD22C636B8C00E87A87 /* Frameworks */,
				91C80FD32C636B8C00E87A87 /* Resources */,
			);
			buildRules = (
			);
			dependencies = (
				91C80FD72C636B8C00E87A87 /* PBXTargetDependency */,
			);
			name = ResAppUITests;
			productName = ResAppUITests;
			productReference = 91C80FD52C636B8C00E87A87 /* ResAppUITests.xctest */;
			productType = "com.apple.product-type.bundle.ui-testing";
		};
/* End PBXNativeTarget section */

/* Begin PBXProject section */
		91C80FB32C636B8800E87A87 /* Project object */ = {
			isa = PBXProject;
			attributes = {
				BuildIndependentTargetsInParallel = 1;
				LastSwiftUpdateCheck = 1540;
				LastUpgradeCheck = 1620;
				TargetAttributes = {
					91C80FBA2C636B8800E87A87 = {
						CreatedOnToolsVersion = 15.4;
					};
					91C80FCA2C636B8C00E87A87 = {
						CreatedOnToolsVersion = 15.4;
						TestTargetID = 91C80FBA2C636B8800E87A87;
					};
					91C80FD42C636B8C00E87A87 = {
						CreatedOnToolsVersion = 15.4;
						TestTargetID = 91C80FBA2C636B8800E87A87;
					};
				};
			};
			buildConfigurationList = 91C80FB62C636B8800E87A87 /* Build configuration list for PBXProject "ResApp" */;
			compatibilityVersion = "Xcode 14.0";
			developmentRegion = en;
			hasScannedForEncodings = 0;
			knownRegions = (
				en,
				Base,
			);
			mainGroup = 91C80FB22C636B8800E87A87;
			productRefGroup = 91C80FBC2C636B8800E87A87 /* Products */;
			projectDirPath = "";
			projectRoot = "";
			targets = (
				91C80FBA2C636B8800E87A87 /* ResApp */,
				91C80FCA2C636B8C00E87A87 /* ResAppTests */,
				91C80FD42C636B8C00E87A87 /* ResAppUITests */,
			);
		};
/* End PBXProject section */

/* Begin PBXResourcesBuildPhase section */
		91C80FB92C636B8800E87A87 /* Resources */ = {
			isa = PBXResourcesBuildPhase;
			buildActionMask = 2147483647;
			files = (
				91DB0F162C7F2CFB005E85DE /* buzzer.wav in Resources */,
				91C80FC62C636B8C00E87A87 /* Preview Assets.xcassets in Resources */,
				91C80FC32C636B8C00E87A87 /* Assets.xcassets in Resources */,
				91AE390C2C7D903E008E5409 /* level-up-191997.mp3 in Resources */,
			);
			runOnlyForDeploymentPostprocessing = 0;
		};
		91C80FC92C636B8C00E87A87 /* Resources */ = {
			isa = PBXResourcesBuildPhase;
			buildActionMask = 2147483647;
			files = (
			);
			runOnlyForDeploymentPostprocessing = 0;
		};
		91C80FD32C636B8C00E87A87 /* Resources */ = {
			isa = PBXResourcesBuildPhase;
			buildActionMask = 2147483647;
			files = (
			);
			runOnlyForDeploymentPostprocessing = 0;
		};
/* End PBXResourcesBuildPhase section */

/* Begin PBXSourcesBuildPhase section */
		91C80FB72C636B8800E87A87 /* Sources */ = {
			isa = PBXSourcesBuildPhase;
			buildActionMask = 2147483647;
			files = (
				216C40472D513EEC001E5A2D /* ResuscitationEvent.swift in Sources */,
				2146068E2D6461F700A9FD6B /* DefibrillationSection.swift in Sources */,
				216C40432D5134CC001E5A2D /* CPRInstructionSystem.swift in Sources */,
				91C33EE22C786C190092BCE3 /* ResuscitationSummaryView.swift in Sources */,
				91C80FC12C636B8800E87A87 /* ContentView.swift in Sources */,
				216C40452D513D14001E5A2D /* ElapsedTimeManager.swift in Sources */,
				91C80FE92C636BC600E87A87 /* ResuscitationManager.swift in Sources */,
				91C80FBF2C636B8800E87A87 /* ResAppApp.swift in Sources */,
				91C80FEB2C636BDB00E87A87 /* FunctionalButtonView.swift in Sources */,
				91C33EE42C786C390092BCE3 /* ResuscitationGuidelineSystem.swift in Sources */,
				216C40492D514623001E5A2D /* FlashingButton.swift in Sources */,
				214606922D64949C00A9FD6B /* PopupMenuButton.swift in Sources */,
			);
			runOnlyForDeploymentPostprocessing = 0;
		};
		91C80FC72C636B8C00E87A87 /* Sources */ = {
			isa = PBXSourcesBuildPhase;
			buildActionMask = 2147483647;
			files = (
				91C80FD02C636B8C00E87A87 /* ResAppTests.swift in Sources */,
			);
			runOnlyForDeploymentPostprocessing = 0;
		};
		91C80FD12C636B8C00E87A87 /* Sources */ = {
			isa = PBXSourcesBuildPhase;
			buildActionMask = 2147483647;
			files = (
				91C80FDA2C636B8C00E87A87 /* ResAppUITests.swift in Sources */,
				91C80FDC2C636B8C00E87A87 /* ResAppUITestsLaunchTests.swift in Sources */,
			);
			runOnlyForDeploymentPostprocessing = 0;
		};
/* End PBXSourcesBuildPhase section */

/* Begin PBXTargetDependency section */
		91C80FCD2C636B8C00E87A87 /* PBXTargetDependency */ = {
			isa = PBXTargetDependency;
			target = 91C80FBA2C636B8800E87A87 /* ResApp */;
			targetProxy = 91C80FCC2C636B8C00E87A87 /* PBXContainerItemProxy */;
		};
		91C80FD72C636B8C00E87A87 /* PBXTargetDependency */ = {
			isa = PBXTargetDependency;
			target = 91C80FBA2C636B8800E87A87 /* ResApp */;
			targetProxy = 91C80FD62C636B8C00E87A87 /* PBXContainerItemProxy */;
		};
/* End PBXTargetDependency section */

/* Begin XCBuildConfiguration section */
		91C80FDD2C636B8C00E87A87 /* Debug */ = {
			isa = XCBuildConfiguration;
			buildSettings = {
				ALWAYS_SEARCH_USER_PATHS = NO;
				ASSETCATALOG_COMPILER_GENERATE_SWIFT_ASSET_SYMBOL_EXTENSIONS = YES;
				CLANG_ANALYZER_NONNULL = YES;
				CLANG_ANALYZER_NUMBER_OBJECT_CONVERSION = YES_AGGRESSIVE;
				CLANG_CXX_LANGUAGE_STANDARD = "gnu++20";
				CLANG_ENABLE_MODULES = YES;
				CLANG_ENABLE_OBJC_ARC = YES;
				CLANG_ENABLE_OBJC_WEAK = YES;
				CLANG_WARN_BLOCK_CAPTURE_AUTORELEASING = YES;
				CLANG_WARN_BOOL_CONVERSION = YES;
				CLANG_WARN_COMMA = YES;
				CLANG_WARN_CONSTANT_CONVERSION = YES;
				CLANG_WARN_DEPRECATED_OBJC_IMPLEMENTATIONS = YES;
				CLANG_WARN_DIRECT_OBJC_ISA_USAGE = YES_ERROR;
				CLANG_WARN_DOCUMENTATION_COMMENTS = YES;
				CLANG_WARN_EMPTY_BODY = YES;
				CLANG_WARN_ENUM_CONVERSION = YES;
				CLANG_WARN_INFINITE_RECURSION = YES;
				CLANG_WARN_INT_CONVERSION = YES;
				CLANG_WARN_NON_LITERAL_NULL_CONVERSION = YES;
				CLANG_WARN_OBJC_IMPLICIT_RETAIN_SELF = YES;
				CLANG_WARN_OBJC_LITERAL_CONVERSION = YES;
				CLANG_WARN_OBJC_ROOT_CLASS = YES_ERROR;
				CLANG_WARN_QUOTED_INCLUDE_IN_FRAMEWORK_HEADER = YES;
				CLANG_WARN_RANGE_LOOP_ANALYSIS = YES;
				CLANG_WARN_STRICT_PROTOTYPES = YES;
				CLANG_WARN_SUSPICIOUS_MOVE = YES;
				CLANG_WARN_UNGUARDED_AVAILABILITY = YES_AGGRESSIVE;
				CLANG_WARN_UNREACHABLE_CODE = YES;
				CLANG_WARN__DUPLICATE_METHOD_MATCH = YES;
				COPY_PHASE_STRIP = NO;
				DEBUG_INFORMATION_FORMAT = dwarf;
				ENABLE_STRICT_OBJC_MSGSEND = YES;
				ENABLE_TESTABILITY = YES;
				ENABLE_USER_SCRIPT_SANDBOXING = YES;
				GCC_C_LANGUAGE_STANDARD = gnu17;
				GCC_DYNAMIC_NO_PIC = NO;
				GCC_NO_COMMON_BLOCKS = YES;
				GCC_OPTIMIZATION_LEVEL = 0;
				GCC_PREPROCESSOR_DEFINITIONS = (
					"DEBUG=1",
					"$(inherited)",
				);
				GCC_WARN_64_TO_32_BIT_CONVERSION = YES;
				GCC_WARN_ABOUT_RETURN_TYPE = YES_ERROR;
				GCC_WARN_UNDECLARED_SELECTOR = YES;
				GCC_WARN_UNINITIALIZED_AUTOS = YES_AGGRESSIVE;
				GCC_WARN_UNUSED_FUNCTION = YES;
				GCC_WARN_UNUSED_VARIABLE = YES;
				IPHONEOS_DEPLOYMENT_TARGET = 17.5;
				LOCALIZATION_PREFERS_STRING_CATALOGS = YES;
				MTL_ENABLE_DEBUG_INFO = INCLUDE_SOURCE;
				MTL_FAST_MATH = YES;
				ONLY_ACTIVE_ARCH = YES;
				SDKROOT = iphoneos;
				SWIFT_ACTIVE_COMPILATION_CONDITIONS = "DEBUG $(inherited)";
				SWIFT_OPTIMIZATION_LEVEL = "-Onone";
			};
			name = Debug;
		};
		91C80FDE2C636B8C00E87A87 /* Release */ = {
			isa = XCBuildConfiguration;
			buildSettings = {
				ALWAYS_SEARCH_USER_PATHS = NO;
				ASSETCATALOG_COMPILER_GENERATE_SWIFT_ASSET_SYMBOL_EXTENSIONS = YES;
				CLANG_ANALYZER_NONNULL = YES;
				CLANG_ANALYZER_NUMBER_OBJECT_CONVERSION = YES_AGGRESSIVE;
				CLANG_CXX_LANGUAGE_STANDARD = "gnu++20";
				CLANG_ENABLE_MODULES = YES;
				CLANG_ENABLE_OBJC_ARC = YES;
				CLANG_ENABLE_OBJC_WEAK = YES;
				CLANG_WARN_BLOCK_CAPTURE_AUTORELEASING = YES;
				CLANG_WARN_BOOL_CONVERSION = YES;
				CLANG_WARN_COMMA = YES;
				CLANG_WARN_CONSTANT_CONVERSION = YES;
				CLANG_WARN_DEPRECATED_OBJC_IMPLEMENTATIONS = YES;
				CLANG_WARN_DIRECT_OBJC_ISA_USAGE = YES_ERROR;
				CLANG_WARN_DOCUMENTATION_COMMENTS = YES;
				CLANG_WARN_EMPTY_BODY = YES;
				CLANG_WARN_ENUM_CONVERSION = YES;
				CLANG_WARN_INFINITE_RECURSION = YES;
				CLANG_WARN_INT_CONVERSION = YES;
				CLANG_WARN_NON_LITERAL_NULL_CONVERSION = YES;
				CLANG_WARN_OBJC_IMPLICIT_RETAIN_SELF = YES;
				CLANG_WARN_OBJC_LITERAL_CONVERSION = YES;
				CLANG_WARN_OBJC_ROOT_CLASS = YES_ERROR;
				CLANG_WARN_QUOTED_INCLUDE_IN_FRAMEWORK_HEADER = YES;
				CLANG_WARN_RANGE_LOOP_ANALYSIS = YES;
				CLANG_WARN_STRICT_PROTOTYPES = YES;
				CLANG_WARN_SUSPICIOUS_MOVE = YES;
				CLANG_WARN_UNGUARDED_AVAILABILITY = YES_AGGRESSIVE;
				CLANG_WARN_UNREACHABLE_CODE = YES;
				CLANG_WARN__DUPLICATE_METHOD_MATCH = YES;
				COPY_PHASE_STRIP = NO;
				DEBUG_INFORMATION_FORMAT = "dwarf-with-dsym";
				ENABLE_NS_ASSERTIONS = NO;
				ENABLE_STRICT_OBJC_MSGSEND = YES;
				ENABLE_USER_SCRIPT_SANDBOXING = YES;
				GCC_C_LANGUAGE_STANDARD = gnu17;
				GCC_NO_COMMON_BLOCKS = YES;
				GCC_WARN_64_TO_32_BIT_CONVERSION = YES;
				GCC_WARN_ABOUT_RETURN_TYPE = YES_ERROR;
				GCC_WARN_UNDECLARED_SELECTOR = YES;
				GCC_WARN_UNINITIALIZED_AUTOS = YES_AGGRESSIVE;
				GCC_WARN_UNUSED_FUNCTION = YES;
				GCC_WARN_UNUSED_VARIABLE = YES;
				IPHONEOS_DEPLOYMENT_TARGET = 17.5;
				LOCALIZATION_PREFERS_STRING_CATALOGS = YES;
				MTL_ENABLE_DEBUG_INFO = NO;
				MTL_FAST_MATH = YES;
				SDKROOT = iphoneos;
				SWIFT_COMPILATION_MODE = wholemodule;
				VALIDATE_PRODUCT = YES;
			};
			name = Release;
		};
		91C80FE02C636B8C00E87A87 /* Debug */ = {
			isa = XCBuildConfiguration;
			buildSettings = {
				ASSETCATALOG_COMPILER_APPICON_NAME = AppIcon;
				ASSETCATALOG_COMPILER_GLOBAL_ACCENT_COLOR_NAME = AccentColor;
				CODE_SIGN_STYLE = Automatic;
				CURRENT_PROJECT_VERSION = 1;
				DEVELOPMENT_ASSET_PATHS = "\"ResApp/Preview Content\"";
				DEVELOPMENT_TEAM = 6HFVCSBRD7;
				ENABLE_PREVIEWS = YES;
				GENERATE_INFOPLIST_FILE = YES;
				INFOPLIST_KEY_UIApplicationSceneManifest_Generation = YES;
				INFOPLIST_KEY_UIApplicationSupportsIndirectInputEvents = YES;
				INFOPLIST_KEY_UILaunchScreen_Generation = YES;
				INFOPLIST_KEY_UISupportedInterfaceOrientations_iPad = "UIInterfaceOrientationPortrait UIInterfaceOrientationPortraitUpsideDown UIInterfaceOrientationLandscapeLeft UIInterfaceOrientationLandscapeRight";
				INFOPLIST_KEY_UISupportedInterfaceOrientations_iPhone = "UIInterfaceOrientationPortrait UIInterfaceOrientationLandscapeLeft UIInterfaceOrientationLandscapeRight";
				LD_RUNPATH_SEARCH_PATHS = (
					"$(inherited)",
					"@executable_path/Frameworks",
				);
				MARKETING_VERSION = 1.0;
				PRODUCT_BUNDLE_IDENTIFIER = com.markho.ResApp;
				PRODUCT_NAME = "$(TARGET_NAME)";
				SWIFT_EMIT_LOC_STRINGS = YES;
				SWIFT_VERSION = 5.0;
				TARGETED_DEVICE_FAMILY = "1,2";
			};
			name = Debug;
		};
		91C80FE12C636B8C00E87A87 /* Release */ = {
			isa = XCBuildConfiguration;
			buildSettings = {
				ASSETCATALOG_COMPILER_APPICON_NAME = AppIcon;
				ASSETCATALOG_COMPILER_GLOBAL_ACCENT_COLOR_NAME = AccentColor;
				CODE_SIGN_STYLE = Automatic;
				CURRENT_PROJECT_VERSION = 1;
				DEVELOPMENT_ASSET_PATHS = "\"ResApp/Preview Content\"";
				DEVELOPMENT_TEAM = 6HFVCSBRD7;
				ENABLE_PREVIEWS = YES;
				GENERATE_INFOPLIST_FILE = YES;
				INFOPLIST_KEY_UIApplicationSceneManifest_Generation = YES;
				INFOPLIST_KEY_UIApplicationSupportsIndirectInputEvents = YES;
				INFOPLIST_KEY_UILaunchScreen_Generation = YES;
				INFOPLIST_KEY_UISupportedInterfaceOrientations_iPad = "UIInterfaceOrientationPortrait UIInterfaceOrientationPortraitUpsideDown UIInterfaceOrientationLandscapeLeft UIInterfaceOrientationLandscapeRight";
				INFOPLIST_KEY_UISupportedInterfaceOrientations_iPhone = "UIInterfaceOrientationPortrait UIInterfaceOrientationLandscapeLeft UIInterfaceOrientationLandscapeRight";
				LD_RUNPATH_SEARCH_PATHS = (
					"$(inherited)",
					"@executable_path/Frameworks",
				);
				MARKETING_VERSION = 1.0;
				PRODUCT_BUNDLE_IDENTIFIER = com.markho.ResApp;
				PRODUCT_NAME = "$(TARGET_NAME)";
				SWIFT_EMIT_LOC_STRINGS = YES;
				SWIFT_VERSION = 5.0;
				TARGETED_DEVICE_FAMILY = "1,2";
			};
			name = Release;
		};
		91C80FE32C636B8C00E87A87 /* Debug */ = {
			isa = XCBuildConfiguration;
			buildSettings = {
				BUNDLE_LOADER = "$(TEST_HOST)";
				CODE_SIGN_STYLE = Automatic;
				CURRENT_PROJECT_VERSION = 1;
				GENERATE_INFOPLIST_FILE = YES;
				IPHONEOS_DEPLOYMENT_TARGET = 17.5;
				MARKETING_VERSION = 1.0;
				PRODUCT_BUNDLE_IDENTIFIER = com.markho.ResAppTests;
				PRODUCT_NAME = "$(TARGET_NAME)";
				SWIFT_EMIT_LOC_STRINGS = NO;
				SWIFT_VERSION = 5.0;
				TARGETED_DEVICE_FAMILY = "1,2";
				TEST_HOST = "$(BUILT_PRODUCTS_DIR)/ResApp.app/$(BUNDLE_EXECUTABLE_FOLDER_PATH)/ResApp";
			};
			name = Debug;
		};
		91C80FE42C636B8C00E87A87 /* Release */ = {
			isa = XCBuildConfiguration;
			buildSettings = {
				BUNDLE_LOADER = "$(TEST_HOST)";
				CODE_SIGN_STYLE = Automatic;
				CURRENT_PROJECT_VERSION = 1;
				GENERATE_INFOPLIST_FILE = YES;
				IPHONEOS_DEPLOYMENT_TARGET = 17.5;
				MARKETING_VERSION = 1.0;
				PRODUCT_BUNDLE_IDENTIFIER = com.markho.ResAppTests;
				PRODUCT_NAME = "$(TARGET_NAME)";
				SWIFT_EMIT_LOC_STRINGS = NO;
				SWIFT_VERSION = 5.0;
				TARGETED_DEVICE_FAMILY = "1,2";
				TEST_HOST = "$(BUILT_PRODUCTS_DIR)/ResApp.app/$(BUNDLE_EXECUTABLE_FOLDER_PATH)/ResApp";
			};
			name = Release;
		};
		91C80FE62C636B8C00E87A87 /* Debug */ = {
			isa = XCBuildConfiguration;
			buildSettings = {
				CODE_SIGN_STYLE = Automatic;
				CURRENT_PROJECT_VERSION = 1;
				GENERATE_INFOPLIST_FILE = YES;
				MARKETING_VERSION = 1.0;
				PRODUCT_BUNDLE_IDENTIFIER = com.markho.ResAppUITests;
				PRODUCT_NAME = "$(TARGET_NAME)";
				SWIFT_EMIT_LOC_STRINGS = NO;
				SWIFT_VERSION = 5.0;
				TARGETED_DEVICE_FAMILY = "1,2";
				TEST_TARGET_NAME = ResApp;
			};
			name = Debug;
		};
		91C80FE72C636B8C00E87A87 /* Release */ = {
			isa = XCBuildConfiguration;
			buildSettings = {
				CODE_SIGN_STYLE = Automatic;
				CURRENT_PROJECT_VERSION = 1;
				GENERATE_INFOPLIST_FILE = YES;
				MARKETING_VERSION = 1.0;
				PRODUCT_BUNDLE_IDENTIFIER = com.markho.ResAppUITests;
				PRODUCT_NAME = "$(TARGET_NAME)";
				SWIFT_EMIT_LOC_STRINGS = NO;
				SWIFT_VERSION = 5.0;
				TARGETED_DEVICE_FAMILY = "1,2";
				TEST_TARGET_NAME = ResApp;
			};
			name = Release;
		};
/* End XCBuildConfiguration section */

/* Begin XCConfigurationList section */
		91C80FB62C636B8800E87A87 /* Build configuration list for PBXProject "ResApp" */ = {
			isa = XCConfigurationList;
			buildConfigurations = (
				91C80FDD2C636B8C00E87A87 /* Debug */,
				91C80FDE2C636B8C00E87A87 /* Release */,
			);
			defaultConfigurationIsVisible = 0;
			defaultConfigurationName = Release;
		};
		91C80FDF2C636B8C00E87A87 /* Build configuration list for PBXNativeTarget "ResApp" */ = {
			isa = XCConfigurationList;
			buildConfigurations = (
				91C80FE02C636B8C00E87A87 /* Debug */,
				91C80FE12C636B8C00E87A87 /* Release */,
			);
			defaultConfigurationIsVisible = 0;
			defaultConfigurationName = Release;
		};
		91C80FE22C636B8C00E87A87 /* Build configuration list for PBXNativeTarget "ResAppTests" */ = {
			isa = XCConfigurationList;
			buildConfigurations = (
				91C80FE32C636B8C00E87A87 /* Debug */,
				91C80FE42C636B8C00E87A87 /* Release */,
			);
			defaultConfigurationIsVisible = 0;
			defaultConfigurationName = Release;
		};
		91C80FE52C636B8C00E87A87 /* Build configuration list for PBXNativeTarget "ResAppUITests" */ = {
			isa = XCConfigurationList;
			buildConfigurations = (
				91C80FE62C636B8C00E87A87 /* Debug */,
				91C80FE72C636B8C00E87A87 /* Release */,
			);
			defaultConfigurationIsVisible = 0;
			defaultConfigurationName = Release;
		};
/* End XCConfigurationList section */
	};
	rootObject = 91C80FB32C636B8800E87A87 /* Project object */;
}
